{
  "version": 4,
  "terraform_version": "1.6.6",
  "serial": 4,
  "lineage": "e6ae6fb1-f8de-5a8c-6972-2d2208e5e712",
  "outputs": {},
  "resources": [
    {
      "module": "module.Policy-new",
      "mode": "managed",
      "type": "newrelic_alert_policy",
      "name": "alert01",
      "provider": "provider[\"registry.terraform.io/newrelic/newrelic\"]",
      "instances": [
        {
          "index_key": 0,
          "schema_version": 0,
          "attributes": {
            "account_id": 4438267,
            "channel_ids": null,
            "id": "5303800",
            "incident_preference": "PER_POLICY",
            "name": "policy_Created-0"
          },
          "sensitive_attributes": [],
          "private": "bnVsbA=="
        },
        {
          "index_key": 1,
          "schema_version": 0,
          "attributes": {
            "account_id": 4438267,
            "channel_ids": null,
            "id": "5303801",
            "incident_preference": "PER_POLICY",
            "name": "policy_Created-1"
          },
          "sensitive_attributes": [],
          "private": "bnVsbA=="
        },
        {
          "index_key": 2,
          "schema_version": 0,
          "attributes": {
            "account_id": 4438267,
            "channel_ids": null,
            "id": "5303799",
            "incident_preference": "PER_POLICY",
            "name": "policy_Created-2"
          },
          "sensitive_attributes": [],
          "private": "bnVsbA=="
        }
      ]
    }
  ],
  "check_results": null
}
